
Microsoft Visual Studio Solution File, Format Version 12.00
# Visual Studio 15
VisualStudioVersion = 15.0.26228.10
MinimumVisualStudioVersion = 10.0.40219.1
Project("{FAE04EC0-301F-11D3-BF4B-00C04F79EFBC}") = "LS.Core", "LS.Core\LS.Core.csproj", "{630CD161-8B43-484A-BEFE-E9EE20E1CCF6}"
EndProject
Project("{FAE04EC0-301F-11D3-BF4B-00C04F79EFBC}") = "LS.Services", "LS.Services\LS.Services.csproj", "{BD426E12-8118-4260-BEBF-9FDC429FF616}"
EndProject
Project("{FAE04EC0-301F-11D3-BF4B-00C04F79EFBC}") = "LS.Domain", "LS.Domain\LS.Domain.csproj", "{2896537D-5B6C-4C62-829A-A7979B0AA11A}"
EndProject
Project("{FAE04EC0-301F-11D3-BF4B-00C04F79EFBC}") = "LS.Repositories", "LS.Repositories\LS.Repositories.csproj", "{86A894E2-896A-4B5B-8A3E-C724E809ED4B}"
EndProject
Project("{FAE04EC0-301F-11D3-BF4B-00C04F79EFBC}") = "EntityFramework.Implementation", "EntityFramework.Implementation\EntityFramework.Implementation.csproj", "{BCD94CFB-8286-4BD1-8D88-C34C0C48C9EC}"
EndProject
Project("{FAE04EC0-301F-11D3-BF4B-00C04F79EFBC}") = "EntityFramework.Interfaces", "EntityFramework.Interfaces\EntityFramework.Interfaces.csproj", "{90D4492B-ABD8-4FE6-9F15-44ACAFFD8828}"
EndProject
Project("{FAE04EC0-301F-11D3-BF4B-00C04F79EFBC}") = "LS.ApiBindingModels", "LS.ApiBindingModels\LS.ApiBindingModels.csproj", "{4D195271-190C-4902-B343-323D077BA790}"
EndProject
Project("{FAE04EC0-301F-11D3-BF4B-00C04F79EFBC}") = "LS.AzureStorage", "LS.AzureStorage\LS.AzureStorage\LS.AzureStorage.csproj", "{915A7DE6-4584-4C89-A46A-EB09515149B7}"
EndProject
Project("{FAE04EC0-301F-11D3-BF4B-00C04F79EFBC}") = "LS.BudgetMobile", "LS.BudgetMobile\LS.BudgetMobile.csproj", "{3C448D4E-9983-4FE1-8F7A-C81C2292219A}"
EndProject
Project("{FAE04EC0-301F-11D3-BF4B-00C04F79EFBC}") = "LS.CGM", "LS.CGM\LS.CGM.csproj", "{5FF6B76B-0797-4BAA-8CFC-4DACECB03E04}"
EndProject
Project("{FAE04EC0-301F-11D3-BF4B-00C04F79EFBC}") = "LS.LexisNexis", "LS.LexisNexis\LS.LexisNexis.csproj", "{0762E8F4-ADE8-4C6A-BFAC-8E7F021EF2D9}"
EndProject
Project("{FAE04EC0-301F-11D3-BF4B-00C04F79EFBC}") = "LS.PayPal", "LS.PayPal\LS.PayPal.csproj", "{6717004D-ADCD-4BE5-A3B8-B1B7572791CE}"
EndProject
Project("{FAE04EC0-301F-11D3-BF4B-00C04F79EFBC}") = "LS.ServiceSpecs", "LS.ServiceSpecs\LS.ServiceSpecs.csproj", "{99BCE562-CEF3-4F6C-9FB9-55ACA39FE074}"
EndProject
Project("{FAE04EC0-301F-11D3-BF4B-00C04F79EFBC}") = "LS.Solix", "LS.Solix\LS.Solix.csproj", "{6C45E542-E438-4E29-9761-DCAC9C478B2F}"
EndProject
Project("{FAE04EC0-301F-11D3-BF4B-00C04F79EFBC}") = "LS.Utilities", "LS.Utilities\LS.Utilities.csproj", "{052EC35D-96DC-419B-993D-4DB4991ABBF7}"
EndProject
Project("{FAE04EC0-301F-11D3-BF4B-00C04F79EFBC}") = "RESTModule", "RESTModule\RESTModule.csproj", "{5F71FEA4-8BE9-4248-B6A4-D950FDEECC6E}"
EndProject
Project("{FAE04EC0-301F-11D3-BF4B-00C04F79EFBC}") = "LS.WebApp", "LS.WebApp\LS.WebApp.csproj", "{C5AA3E95-0493-4C97-9154-0F73ED471715}"
EndProject
Global
	GlobalSection(SolutionConfigurationPlatforms) = preSolution
		Debug|Any CPU = Debug|Any CPU
		Dev|Any CPU = Dev|Any CPU
		Release|Any CPU = Release|Any CPU
		Staging|Any CPU = Staging|Any CPU
	EndGlobalSection
	GlobalSection(ProjectConfigurationPlatforms) = postSolution
		{630CD161-8B43-484A-BEFE-E9EE20E1CCF6}.Debug|Any CPU.ActiveCfg = Debug|Any CPU
		{630CD161-8B43-484A-BEFE-E9EE20E1CCF6}.Debug|Any CPU.Build.0 = Debug|Any CPU
		{630CD161-8B43-484A-BEFE-E9EE20E1CCF6}.Dev|Any CPU.ActiveCfg = Dev|Any CPU
		{630CD161-8B43-484A-BEFE-E9EE20E1CCF6}.Dev|Any CPU.Build.0 = Dev|Any CPU
		{630CD161-8B43-484A-BEFE-E9EE20E1CCF6}.Release|Any CPU.ActiveCfg = Release|Any CPU
		{630CD161-8B43-484A-BEFE-E9EE20E1CCF6}.Release|Any CPU.Build.0 = Release|Any CPU
		{630CD161-8B43-484A-BEFE-E9EE20E1CCF6}.Staging|Any CPU.ActiveCfg = Staging|Any CPU
		{630CD161-8B43-484A-BEFE-E9EE20E1CCF6}.Staging|Any CPU.Build.0 = Staging|Any CPU
		{BD426E12-8118-4260-BEBF-9FDC429FF616}.Debug|Any CPU.ActiveCfg = Debug|Any CPU
		{BD426E12-8118-4260-BEBF-9FDC429FF616}.Debug|Any CPU.Build.0 = Debug|Any CPU
		{BD426E12-8118-4260-BEBF-9FDC429FF616}.Dev|Any CPU.ActiveCfg = Dev|Any CPU
		{BD426E12-8118-4260-BEBF-9FDC429FF616}.Dev|Any CPU.Build.0 = Dev|Any CPU
		{BD426E12-8118-4260-BEBF-9FDC429FF616}.Release|Any CPU.ActiveCfg = Release|Any CPU
		{BD426E12-8118-4260-BEBF-9FDC429FF616}.Release|Any CPU.Build.0 = Release|Any CPU
		{BD426E12-8118-4260-BEBF-9FDC429FF616}.Staging|Any CPU.ActiveCfg = Staging|Any CPU
		{BD426E12-8118-4260-BEBF-9FDC429FF616}.Staging|Any CPU.Build.0 = Staging|Any CPU
		{2896537D-5B6C-4C62-829A-A7979B0AA11A}.Debug|Any CPU.ActiveCfg = Debug|Any CPU
		{2896537D-5B6C-4C62-829A-A7979B0AA11A}.Debug|Any CPU.Build.0 = Debug|Any CPU
		{2896537D-5B6C-4C62-829A-A7979B0AA11A}.Dev|Any CPU.ActiveCfg = Dev|Any CPU
		{2896537D-5B6C-4C62-829A-A7979B0AA11A}.Dev|Any CPU.Build.0 = Dev|Any CPU
		{2896537D-5B6C-4C62-829A-A7979B0AA11A}.Release|Any CPU.ActiveCfg = Release|Any CPU
		{2896537D-5B6C-4C62-829A-A7979B0AA11A}.Release|Any CPU.Build.0 = Release|Any CPU
		{2896537D-5B6C-4C62-829A-A7979B0AA11A}.Staging|Any CPU.ActiveCfg = Staging|Any CPU
		{2896537D-5B6C-4C62-829A-A7979B0AA11A}.Staging|Any CPU.Build.0 = Staging|Any CPU
		{86A894E2-896A-4B5B-8A3E-C724E809ED4B}.Debug|Any CPU.ActiveCfg = Debug|Any CPU
		{86A894E2-896A-4B5B-8A3E-C724E809ED4B}.Debug|Any CPU.Build.0 = Debug|Any CPU
		{86A894E2-896A-4B5B-8A3E-C724E809ED4B}.Dev|Any CPU.ActiveCfg = Dev|Any CPU
		{86A894E2-896A-4B5B-8A3E-C724E809ED4B}.Dev|Any CPU.Build.0 = Dev|Any CPU
		{86A894E2-896A-4B5B-8A3E-C724E809ED4B}.Release|Any CPU.ActiveCfg = Release|Any CPU
		{86A894E2-896A-4B5B-8A3E-C724E809ED4B}.Release|Any CPU.Build.0 = Release|Any CPU
		{86A894E2-896A-4B5B-8A3E-C724E809ED4B}.Staging|Any CPU.ActiveCfg = Staging|Any CPU
		{86A894E2-896A-4B5B-8A3E-C724E809ED4B}.Staging|Any CPU.Build.0 = Staging|Any CPU
		{BCD94CFB-8286-4BD1-8D88-C34C0C48C9EC}.Debug|Any CPU.ActiveCfg = Debug|Any CPU
		{BCD94CFB-8286-4BD1-8D88-C34C0C48C9EC}.Debug|Any CPU.Build.0 = Debug|Any CPU
		{BCD94CFB-8286-4BD1-8D88-C34C0C48C9EC}.Dev|Any CPU.ActiveCfg = Dev|Any CPU
		{BCD94CFB-8286-4BD1-8D88-C34C0C48C9EC}.Dev|Any CPU.Build.0 = Dev|Any CPU
		{BCD94CFB-8286-4BD1-8D88-C34C0C48C9EC}.Release|Any CPU.ActiveCfg = Release|Any CPU
		{BCD94CFB-8286-4BD1-8D88-C34C0C48C9EC}.Release|Any CPU.Build.0 = Release|Any CPU
		{BCD94CFB-8286-4BD1-8D88-C34C0C48C9EC}.Staging|Any CPU.ActiveCfg = Staging|Any CPU
		{BCD94CFB-8286-4BD1-8D88-C34C0C48C9EC}.Staging|Any CPU.Build.0 = Staging|Any CPU
		{90D4492B-ABD8-4FE6-9F15-44ACAFFD8828}.Debug|Any CPU.ActiveCfg = Debug|Any CPU
		{90D4492B-ABD8-4FE6-9F15-44ACAFFD8828}.Debug|Any CPU.Build.0 = Debug|Any CPU
		{90D4492B-ABD8-4FE6-9F15-44ACAFFD8828}.Dev|Any CPU.ActiveCfg = Dev|Any CPU
		{90D4492B-ABD8-4FE6-9F15-44ACAFFD8828}.Dev|Any CPU.Build.0 = Dev|Any CPU
		{90D4492B-ABD8-4FE6-9F15-44ACAFFD8828}.Release|Any CPU.ActiveCfg = Release|Any CPU
		{90D4492B-ABD8-4FE6-9F15-44ACAFFD8828}.Release|Any CPU.Build.0 = Release|Any CPU
		{90D4492B-ABD8-4FE6-9F15-44ACAFFD8828}.Staging|Any CPU.ActiveCfg = Staging|Any CPU
		{90D4492B-ABD8-4FE6-9F15-44ACAFFD8828}.Staging|Any CPU.Build.0 = Staging|Any CPU
		{4D195271-190C-4902-B343-323D077BA790}.Debug|Any CPU.ActiveCfg = Debug|Any CPU
		{4D195271-190C-4902-B343-323D077BA790}.Debug|Any CPU.Build.0 = Debug|Any CPU
		{4D195271-190C-4902-B343-323D077BA790}.Dev|Any CPU.ActiveCfg = Dev|Any CPU
		{4D195271-190C-4902-B343-323D077BA790}.Dev|Any CPU.Build.0 = Dev|Any CPU
		{4D195271-190C-4902-B343-323D077BA790}.Release|Any CPU.ActiveCfg = Release|Any CPU
		{4D195271-190C-4902-B343-323D077BA790}.Release|Any CPU.Build.0 = Release|Any CPU
		{4D195271-190C-4902-B343-323D077BA790}.Staging|Any CPU.ActiveCfg = Staging|Any CPU
		{4D195271-190C-4902-B343-323D077BA790}.Staging|Any CPU.Build.0 = Staging|Any CPU
		{915A7DE6-4584-4C89-A46A-EB09515149B7}.Debug|Any CPU.ActiveCfg = Debug|Any CPU
		{915A7DE6-4584-4C89-A46A-EB09515149B7}.Debug|Any CPU.Build.0 = Debug|Any CPU
		{915A7DE6-4584-4C89-A46A-EB09515149B7}.Dev|Any CPU.ActiveCfg = Dev|Any CPU
		{915A7DE6-4584-4C89-A46A-EB09515149B7}.Dev|Any CPU.Build.0 = Dev|Any CPU
		{915A7DE6-4584-4C89-A46A-EB09515149B7}.Release|Any CPU.ActiveCfg = Release|Any CPU
		{915A7DE6-4584-4C89-A46A-EB09515149B7}.Release|Any CPU.Build.0 = Release|Any CPU
		{915A7DE6-4584-4C89-A46A-EB09515149B7}.Staging|Any CPU.ActiveCfg = Staging|Any CPU
		{915A7DE6-4584-4C89-A46A-EB09515149B7}.Staging|Any CPU.Build.0 = Staging|Any CPU
		{3C448D4E-9983-4FE1-8F7A-C81C2292219A}.Debug|Any CPU.ActiveCfg = Debug|Any CPU
		{3C448D4E-9983-4FE1-8F7A-C81C2292219A}.Debug|Any CPU.Build.0 = Debug|Any CPU
		{3C448D4E-9983-4FE1-8F7A-C81C2292219A}.Dev|Any CPU.ActiveCfg = Dev|Any CPU
		{3C448D4E-9983-4FE1-8F7A-C81C2292219A}.Dev|Any CPU.Build.0 = Dev|Any CPU
		{3C448D4E-9983-4FE1-8F7A-C81C2292219A}.Release|Any CPU.ActiveCfg = Release|Any CPU
		{3C448D4E-9983-4FE1-8F7A-C81C2292219A}.Release|Any CPU.Build.0 = Release|Any CPU
		{3C448D4E-9983-4FE1-8F7A-C81C2292219A}.Staging|Any CPU.ActiveCfg = Staging|Any CPU
		{3C448D4E-9983-4FE1-8F7A-C81C2292219A}.Staging|Any CPU.Build.0 = Staging|Any CPU
		{5FF6B76B-0797-4BAA-8CFC-4DACECB03E04}.Debug|Any CPU.ActiveCfg = Debug|Any CPU
		{5FF6B76B-0797-4BAA-8CFC-4DACECB03E04}.Debug|Any CPU.Build.0 = Debug|Any CPU
		{5FF6B76B-0797-4BAA-8CFC-4DACECB03E04}.Dev|Any CPU.ActiveCfg = Dev|Any CPU
		{5FF6B76B-0797-4BAA-8CFC-4DACECB03E04}.Dev|Any CPU.Build.0 = Dev|Any CPU
		{5FF6B76B-0797-4BAA-8CFC-4DACECB03E04}.Release|Any CPU.ActiveCfg = Release|Any CPU
		{5FF6B76B-0797-4BAA-8CFC-4DACECB03E04}.Release|Any CPU.Build.0 = Release|Any CPU
		{5FF6B76B-0797-4BAA-8CFC-4DACECB03E04}.Staging|Any CPU.ActiveCfg = Staging|Any CPU
		{5FF6B76B-0797-4BAA-8CFC-4DACECB03E04}.Staging|Any CPU.Build.0 = Staging|Any CPU
		{0762E8F4-ADE8-4C6A-BFAC-8E7F021EF2D9}.Debug|Any CPU.ActiveCfg = Debug|Any CPU
		{0762E8F4-ADE8-4C6A-BFAC-8E7F021EF2D9}.Debug|Any CPU.Build.0 = Debug|Any CPU
		{0762E8F4-ADE8-4C6A-BFAC-8E7F021EF2D9}.Dev|Any CPU.ActiveCfg = Dev|Any CPU
		{0762E8F4-ADE8-4C6A-BFAC-8E7F021EF2D9}.Dev|Any CPU.Build.0 = Dev|Any CPU
		{0762E8F4-ADE8-4C6A-BFAC-8E7F021EF2D9}.Release|Any CPU.ActiveCfg = Release|Any CPU
		{0762E8F4-ADE8-4C6A-BFAC-8E7F021EF2D9}.Release|Any CPU.Build.0 = Release|Any CPU
		{0762E8F4-ADE8-4C6A-BFAC-8E7F021EF2D9}.Staging|Any CPU.ActiveCfg = Staging|Any CPU
		{0762E8F4-ADE8-4C6A-BFAC-8E7F021EF2D9}.Staging|Any CPU.Build.0 = Staging|Any CPU
		{6717004D-ADCD-4BE5-A3B8-B1B7572791CE}.Debug|Any CPU.ActiveCfg = Debug|Any CPU
		{6717004D-ADCD-4BE5-A3B8-B1B7572791CE}.Debug|Any CPU.Build.0 = Debug|Any CPU
		{6717004D-ADCD-4BE5-A3B8-B1B7572791CE}.Dev|Any CPU.ActiveCfg = Dev|Any CPU
		{6717004D-ADCD-4BE5-A3B8-B1B7572791CE}.Dev|Any CPU.Build.0 = Dev|Any CPU
		{6717004D-ADCD-4BE5-A3B8-B1B7572791CE}.Release|Any CPU.ActiveCfg = Release|Any CPU
		{6717004D-ADCD-4BE5-A3B8-B1B7572791CE}.Release|Any CPU.Build.0 = Release|Any CPU
		{6717004D-ADCD-4BE5-A3B8-B1B7572791CE}.Staging|Any CPU.ActiveCfg = Staging|Any CPU
		{6717004D-ADCD-4BE5-A3B8-B1B7572791CE}.Staging|Any CPU.Build.0 = Staging|Any CPU
		{99BCE562-CEF3-4F6C-9FB9-55ACA39FE074}.Debug|Any CPU.ActiveCfg = Debug|Any CPU
		{99BCE562-CEF3-4F6C-9FB9-55ACA39FE074}.Debug|Any CPU.Build.0 = Debug|Any CPU
		{99BCE562-CEF3-4F6C-9FB9-55ACA39FE074}.Dev|Any CPU.ActiveCfg = Dev|Any CPU
		{99BCE562-CEF3-4F6C-9FB9-55ACA39FE074}.Dev|Any CPU.Build.0 = Dev|Any CPU
		{99BCE562-CEF3-4F6C-9FB9-55ACA39FE074}.Release|Any CPU.ActiveCfg = Release|Any CPU
		{99BCE562-CEF3-4F6C-9FB9-55ACA39FE074}.Release|Any CPU.Build.0 = Release|Any CPU
		{99BCE562-CEF3-4F6C-9FB9-55ACA39FE074}.Staging|Any CPU.ActiveCfg = Staging|Any CPU
		{99BCE562-CEF3-4F6C-9FB9-55ACA39FE074}.Staging|Any CPU.Build.0 = Staging|Any CPU
		{6C45E542-E438-4E29-9761-DCAC9C478B2F}.Debug|Any CPU.ActiveCfg = Debug|Any CPU
		{6C45E542-E438-4E29-9761-DCAC9C478B2F}.Debug|Any CPU.Build.0 = Debug|Any CPU
		{6C45E542-E438-4E29-9761-DCAC9C478B2F}.Dev|Any CPU.ActiveCfg = Dev|Any CPU
		{6C45E542-E438-4E29-9761-DCAC9C478B2F}.Dev|Any CPU.Build.0 = Dev|Any CPU
		{6C45E542-E438-4E29-9761-DCAC9C478B2F}.Release|Any CPU.ActiveCfg = Release|Any CPU
		{6C45E542-E438-4E29-9761-DCAC9C478B2F}.Release|Any CPU.Build.0 = Release|Any CPU
		{6C45E542-E438-4E29-9761-DCAC9C478B2F}.Staging|Any CPU.ActiveCfg = Staging|Any CPU
		{6C45E542-E438-4E29-9761-DCAC9C478B2F}.Staging|Any CPU.Build.0 = Staging|Any CPU
		{052EC35D-96DC-419B-993D-4DB4991ABBF7}.Debug|Any CPU.ActiveCfg = Debug|Any CPU
		{052EC35D-96DC-419B-993D-4DB4991ABBF7}.Debug|Any CPU.Build.0 = Debug|Any CPU
		{052EC35D-96DC-419B-993D-4DB4991ABBF7}.Dev|Any CPU.ActiveCfg = Dev|Any CPU
		{052EC35D-96DC-419B-993D-4DB4991ABBF7}.Dev|Any CPU.Build.0 = Dev|Any CPU
		{052EC35D-96DC-419B-993D-4DB4991ABBF7}.Release|Any CPU.ActiveCfg = Release|Any CPU
		{052EC35D-96DC-419B-993D-4DB4991ABBF7}.Release|Any CPU.Build.0 = Release|Any CPU
		{052EC35D-96DC-419B-993D-4DB4991ABBF7}.Staging|Any CPU.ActiveCfg = Staging|Any CPU
		{052EC35D-96DC-419B-993D-4DB4991ABBF7}.Staging|Any CPU.Build.0 = Staging|Any CPU
		{5F71FEA4-8BE9-4248-B6A4-D950FDEECC6E}.Debug|Any CPU.ActiveCfg = Debug|Any CPU
		{5F71FEA4-8BE9-4248-B6A4-D950FDEECC6E}.Debug|Any CPU.Build.0 = Debug|Any CPU
		{5F71FEA4-8BE9-4248-B6A4-D950FDEECC6E}.Dev|Any CPU.ActiveCfg = Dev|Any CPU
		{5F71FEA4-8BE9-4248-B6A4-D950FDEECC6E}.Dev|Any CPU.Build.0 = Dev|Any CPU
		{5F71FEA4-8BE9-4248-B6A4-D950FDEECC6E}.Release|Any CPU.ActiveCfg = Release|Any CPU
		{5F71FEA4-8BE9-4248-B6A4-D950FDEECC6E}.Release|Any CPU.Build.0 = Release|Any CPU
		{5F71FEA4-8BE9-4248-B6A4-D950FDEECC6E}.Staging|Any CPU.ActiveCfg = Staging|Any CPU
		{5F71FEA4-8BE9-4248-B6A4-D950FDEECC6E}.Staging|Any CPU.Build.0 = Staging|Any CPU
		{C5AA3E95-0493-4C97-9154-0F73ED471715}.Debug|Any CPU.ActiveCfg = Debug|Any CPU
		{C5AA3E95-0493-4C97-9154-0F73ED471715}.Debug|Any CPU.Build.0 = Debug|Any CPU
		{C5AA3E95-0493-4C97-9154-0F73ED471715}.Dev|Any CPU.ActiveCfg = Debug|Any CPU
		{C5AA3E95-0493-4C97-9154-0F73ED471715}.Dev|Any CPU.Build.0 = Debug|Any CPU
		{C5AA3E95-0493-4C97-9154-0F73ED471715}.Release|Any CPU.ActiveCfg = Release|Any CPU
		{C5AA3E95-0493-4C97-9154-0F73ED471715}.Release|Any CPU.Build.0 = Release|Any CPU
		{C5AA3E95-0493-4C97-9154-0F73ED471715}.Staging|Any CPU.ActiveCfg = Release|Any CPU
		{C5AA3E95-0493-4C97-9154-0F73ED471715}.Staging|Any CPU.Build.0 = Release|Any CPU
	EndGlobalSection
	GlobalSection(SolutionProperties) = preSolution
		HideSolutionNode = FALSE
	EndGlobalSection
EndGlobal
